{
  "originHash" : "b62826af765dc3de0f17e32675fde34d289431c2e1176c6f8c4b49c0efe7403f",
  "pins" : [
    {
      "identity" : "conduit",
      "kind" : "remoteSourceControl",
      "location" : "https://github.com/christopherkarani/Conduit",
      "state" : {
        "revision" : "b7ccafa44c8bb19d0f74aeb45d9dbd05563a55c5",
        "version" : "0.3.5"
      }
    },
    {
      "identity" : "grdb.swift",
      "kind" : "remoteSourceControl",
      "location" : "https://github.com/groue/GRDB.swift.git",
      "state" : {
        "revision" : "2cf6c756e1e5ef6901ebae16576a7e4e4b834622",
        "version" : "6.29.3"
      }
    },
    {
      "identity" : "hive",
      "kind" : "remoteSourceControl",
      "location" : "https://github.com/christopherkarani/Hive",
      "state" : {
        "revision" : "f90e42bd1fdf5dce6b669fb900f0d417d70a6bef",
        "version" : "0.1.6"
      }
    },
    {
      "identity" : "swift-asn1",
      "kind" : "remoteSourceControl",
      "location" : "https://github.com/apple/swift-asn1.git",
      "state" : {
        "revision" : "810496cf121e525d660cd0ea89a758740476b85f",
        "version" : "1.5.1"
      }
    },
    {
      "identity" : "swift-collections",
      "kind" : "remoteSourceControl",
      "location" : "https://github.com/apple/swift-collections.git",
      "state" : {
        "revision" : "7b847a3b7008b2dc2f47ca3110d8c782fb2e5c7e",
        "version" : "1.3.0"
      }
    },
    {
      "identity" : "swift-crypto",
      "kind" : "remoteSourceControl",
      "location" : "https://github.com/apple/swift-crypto.git",
      "state" : {
        "revision" : "6f70fa9eab24c1fd982af18c281c4525d05e3095",
        "version" : "4.2.0"
      }
    },
    {
      "identity" : "swift-jinja",
      "kind" : "remoteSourceControl",
      "location" : "https://github.com/huggingface/swift-jinja.git",
      "state" : {
        "revision" : "f731f03bf746481d4fda07f817c3774390c4d5b9",
        "version" : "2.3.2"
      }
    },
    {
      "identity" : "swift-log",
      "kind" : "remoteSourceControl",
      "location" : "https://github.com/apple/swift-log.git",
      "state" : {
        "revision" : "bbd81b6725ae874c69e9b8c8804d462356b55523",
        "version" : "1.10.1"
      }
    },
    {
      "identity" : "swift-syntax",
      "kind" : "remoteSourceControl",
      "location" : "https://github.com/swiftlang/swift-syntax.git",
      "state" : {
        "revision" : "0687f71944021d616d34d922343dcef086855920",
        "version" : "600.0.1"
      }
    },
    {
      "identity" : "swift-tiktoken",
      "kind" : "remoteSourceControl",
      "location" : "https://github.com/DePasqualeOrg/swift-tiktoken.git",
      "state" : {
        "revision" : "e088d534d80dd1875ca3edfd69a16a6c25ab84c4",
        "version" : "0.0.1"
      }
    },
    {
      "identity" : "swift-transformers",
      "kind" : "remoteSourceControl",
      "location" : "https://github.com/huggingface/swift-transformers",
      "state" : {
        "revision" : "3aecdf18e62303fb5a5543f8e87502b13474573f",
        "version" : "1.1.7"
      }
    },
    {
      "identity" : "usearch",
      "kind" : "remoteSourceControl",
      "location" : "https://github.com/unum-cloud/USearch.git",
      "state" : {
        "revision" : "40d127f472e9073875566f0e9308c0302b89100a",
        "version" : "2.24.0"
      }
    },
    {
      "identity" : "wax",
      "kind" : "remoteSourceControl",
      "location" : "https://github.com/christopherkarani/Wax.git",
      "state" : {
        "revision" : "aeb28ac8e7386c42bb229d5a1d23aea245e5f7bb",
        "version" : "0.1.7"
      }
    },
    {
      "identity" : "yyjson",
      "kind" : "remoteSourceControl",
      "location" : "https://github.com/ibireme/yyjson.git",
      "state" : {
        "revision" : "8b4a38dc994a110abaec8a400615567bd996105f",
        "version" : "0.12.0"
      }
    }
  ],
  "version" : 3
}
