{
  "originHash" : "d907b269ef3012536b9f21346d15073c122792b446dad6f907b209701ab8ae8c",
  "pins" : [
    {
      "identity" : "grdb.swift",
      "kind" : "remoteSourceControl",
      "location" : "https://github.com/groue/GRDB.swift.git",
      "state" : {
        "revision" : "2cf6c756e1e5ef6901ebae16576a7e4e4b834622",
        "version" : "6.29.3"
      }
    },
    {
      "identity" : "gzipswift",
      "kind" : "remoteSourceControl",
      "location" : "https://github.com/1024jp/GzipSwift",
      "state" : {
        "revision" : "731037f6cc2be2ec01562f6597c1d0aa3fe6fd05",
        "version" : "6.0.1"
      }
    },
    {
      "identity" : "hive",
      "kind" : "remoteSourceControl",
      "location" : "https://github.com/christopherkarani/Hive",
      "state" : {
        "revision" : "f90e42bd1fdf5dce6b669fb900f0d417d70a6bef",
        "version" : "0.1.6"
      }
    },
    {
      "identity" : "mlx-swift",
      "kind" : "remoteSourceControl",
      "location" : "https://github.com/ml-explore/mlx-swift",
      "state" : {
        "revision" : "072b684acaae80b6a463abab3a103732f33774bf",
        "version" : "0.29.1"
      }
    },
    {
      "identity" : "mlx-swift-examples",
      "kind" : "remoteSourceControl",
      "location" : "https://github.com/ml-explore/mlx-swift-examples.git",
      "state" : {
        "revision" : "fc3afc7cdbc4b6120d210c4c58c6b132ce346775"
      }
    },
    {
      "identity" : "mlx-swift-lm",
      "kind" : "remoteSourceControl",
      "location" : "https://github.com/ml-explore/mlx-swift-lm.git",
      "state" : {
        "revision" : "5064b8c5d8ed3b0bbb71385c4124f0fc102e74a2",
        "version" : "2.29.3"
      }
    },
    {
      "identity" : "swift-asn1",
      "kind" : "remoteSourceControl",
      "location" : "https://github.com/apple/swift-asn1.git",
      "state" : {
        "revision" : "810496cf121e525d660cd0ea89a758740476b85f",
        "version" : "1.5.1"
      }
    },
    {
      "identity" : "swift-collections",
      "kind" : "remoteSourceControl",
      "location" : "https://github.com/apple/swift-collections.git",
      "state" : {
        "revision" : "7b847a3b7008b2dc2f47ca3110d8c782fb2e5c7e",
        "version" : "1.3.0"
      }
    },
    {
      "identity" : "swift-crypto",
      "kind" : "remoteSourceControl",
      "location" : "https://github.com/apple/swift-crypto.git",
      "state" : {
        "revision" : "95ba0316a9b733e92bb6b071255ff46263bbe7dc",
        "version" : "3.15.1"
      }
    },
    {
      "identity" : "swift-jinja",
      "kind" : "remoteSourceControl",
      "location" : "https://github.com/huggingface/swift-jinja.git",
      "state" : {
        "revision" : "f731f03bf746481d4fda07f817c3774390c4d5b9",
        "version" : "2.3.2"
      }
    },
    {
      "identity" : "swift-log",
      "kind" : "remoteSourceControl",
      "location" : "https://github.com/apple/swift-log.git",
      "state" : {
        "revision" : "bbd81b6725ae874c69e9b8c8804d462356b55523",
        "version" : "1.10.1"
      }
    },
    {
      "identity" : "swift-numerics",
      "kind" : "remoteSourceControl",
      "location" : "https://github.com/apple/swift-numerics",
      "state" : {
        "revision" : "0c0290ff6b24942dadb83a929ffaaa1481df04a2",
        "version" : "1.1.1"
      }
    },
    {
      "identity" : "swift-syntax",
      "kind" : "remoteSourceControl",
      "location" : "https://github.com/swiftlang/swift-syntax.git",
      "state" : {
        "revision" : "0687f71944021d616d34d922343dcef086855920",
        "version" : "600.0.1"
      }
    },
    {
      "identity" : "swift-tiktoken",
      "kind" : "remoteSourceControl",
      "location" : "https://github.com/DePasqualeOrg/swift-tiktoken.git",
      "state" : {
        "revision" : "e088d534d80dd1875ca3edfd69a16a6c25ab84c4",
        "version" : "0.0.1"
      }
    },
    {
      "identity" : "swift-transformers",
      "kind" : "remoteSourceControl",
      "location" : "https://github.com/huggingface/swift-transformers",
      "state" : {
        "revision" : "f3d5cbfa653dd248ae8c92313453d5fdcfdf049e",
        "version" : "1.1.8"
      }
    },
    {
      "identity" : "usearch",
      "kind" : "remoteSourceControl",
      "location" : "https://github.com/unum-cloud/USearch.git",
      "state" : {
        "revision" : "40d127f472e9073875566f0e9308c0302b89100a",
        "version" : "2.24.0"
      }
    },
    {
      "identity" : "yyjson",
      "kind" : "remoteSourceControl",
      "location" : "https://github.com/ibireme/yyjson.git",
      "state" : {
        "revision" : "8b4a38dc994a110abaec8a400615567bd996105f",
        "version" : "0.12.0"
      }
    }
  ],
  "version" : 3
}
